
Microsoft Visual Studio Solution File, Format Version 12.00
# Visual Studio Version 16
VisualStudioVersion = 16.0.30611.23
MinimumVisualStudioVersion = 10.0.40219.1
Project("{FAE04EC0-301F-11D3-BF4B-00C04F79EFBC}") = "ProductApp", "ProductApp\ProductApp.csproj", "{8C4DEF36-8AA7-464F-9047-7933E5D6B20E}"
EndProject
Global
	GlobalSection(SolutionConfigurationPlatforms) = preSolution
		Debug|Any CPU = Debug|Any CPU
		Release|Any CPU = Release|Any CPU
	EndGlobalSection
	GlobalSection(ProjectConfigurationPlatforms) = postSolution
		{8C4DEF36-8AA7-464F-9047-7933E5D6B20E}.Debug|Any CPU.ActiveCfg = Debug|Any CPU
		{8C4DEF36-8AA7-464F-9047-7933E5D6B20E}.Debug|Any CPU.Build.0 = Debug|Any CPU
		{8C4DEF36-8AA7-464F-9047-7933E5D6B20E}.Release|Any CPU.ActiveCfg = Release|Any CPU
		{8C4DEF36-8AA7-464F-9047-7933E5D6B20E}.Release|Any CPU.Build.0 = Release|Any CPU
	EndGlobalSection
	GlobalSection(SolutionProperties) = preSolution
		HideSolutionNode = FALSE
	EndGlobalSection
	GlobalSection(ExtensibilityGlobals) = postSolution
		SolutionGuid = {BCFC0A38-CBB1-4CA4-8DFE-6A2162C2D412}
	EndGlobalSection
EndGlobal
