
Microsoft Visual Studio Solution File, Format Version 12.00
# Visual Studio Version 16
VisualStudioVersion = 16.0.30611.23
MinimumVisualStudioVersion = 10.0.40219.1
Project("{FAE04EC0-301F-11D3-BF4B-00C04F79EFBC}") = "FirstProgram", "FirstProgram\FirstProgram.csproj", "{1F3A4DD2-20E7-4265-8B82-07E90D251043}"
EndProject
Project("{FAE04EC0-301F-11D3-BF4B-00C04F79EFBC}") = "switch_case", "switch_case\switch_case.csproj", "{30F3EF80-5AE6-441C-BEB0-4A588A488C9E}"
EndProject
Project("{FAE04EC0-301F-11D3-BF4B-00C04F79EFBC}") = "CodingBatChallenges", "CodingBat\CodingBatChallenges.csproj", "{7339D958-EB05-4820-847F-BDAE6E046300}"
EndProject
Project("{FAE04EC0-301F-11D3-BF4B-00C04F79EFBC}") = "MorningProblems", "MorningProblems\MorningProblems.csproj", "{82C89760-583E-49BF-8686-BF8CD6BA8D85}"
EndProject
Project("{FAE04EC0-301F-11D3-BF4B-00C04F79EFBC}") = "EquationAsString", "EquationAsString\EquationAsString.csproj", "{AF4C1436-DD9B-494D-A808-ED41F3D284DA}"
EndProject
Project("{FAE04EC0-301F-11D3-BF4B-00C04F79EFBC}") = "ShuntingYardAlgorithm", "ShuntingYardAlgorithm\ShuntingYardAlgorithm.csproj", "{1CBC1FEF-181A-4A2E-9F92-BACA1B4FC8AA}"
EndProject
Project("{FAE04EC0-301F-11D3-BF4B-00C04F79EFBC}") = "NthPrime", "NthPrime\NthPrime.csproj", "{3E46374D-6EED-4BF0-9F32-64933B4BF3D7}"
EndProject
Project("{FAE04EC0-301F-11D3-BF4B-00C04F79EFBC}") = "Hangman", "Hangman\Hangman.csproj", "{C8D6B670-D568-4F23-A304-E9CFE6008B1F}"
EndProject
Project("{FAE04EC0-301F-11D3-BF4B-00C04F79EFBC}") = "Anagrams", "Anagrams\Anagrams.csproj", "{4F6276E3-8FD1-4445-BFA9-B555A8985A30}"
EndProject
Project("{FAE04EC0-301F-11D3-BF4B-00C04F79EFBC}") = "StarsAndDiamonds", "StarsAndDiamonds\StarsAndDiamonds.csproj", "{4A6B2E24-A3B7-45A2-8C32-76C04DA27094}"
EndProject
Project("{FAE04EC0-301F-11D3-BF4B-00C04F79EFBC}") = "NYE", "NYE\NYE.csproj", "{E166740B-044F-4D08-B7F8-FD3DB51C043E}"
EndProject
Project("{FAE04EC0-301F-11D3-BF4B-00C04F79EFBC}") = "luckySum", "closeFar\luckySum.csproj", "{705B433F-49B7-49C4-A892-E005E56DFE1D}"
EndProject
Global
	GlobalSection(SolutionConfigurationPlatforms) = preSolution
		Debug|Any CPU = Debug|Any CPU
		Release|Any CPU = Release|Any CPU
	EndGlobalSection
	GlobalSection(ProjectConfigurationPlatforms) = postSolution
		{1F3A4DD2-20E7-4265-8B82-07E90D251043}.Debug|Any CPU.ActiveCfg = Debug|Any CPU
		{1F3A4DD2-20E7-4265-8B82-07E90D251043}.Debug|Any CPU.Build.0 = Debug|Any CPU
		{1F3A4DD2-20E7-4265-8B82-07E90D251043}.Release|Any CPU.ActiveCfg = Release|Any CPU
		{1F3A4DD2-20E7-4265-8B82-07E90D251043}.Release|Any CPU.Build.0 = Release|Any CPU
		{30F3EF80-5AE6-441C-BEB0-4A588A488C9E}.Debug|Any CPU.ActiveCfg = Debug|Any CPU
		{30F3EF80-5AE6-441C-BEB0-4A588A488C9E}.Debug|Any CPU.Build.0 = Debug|Any CPU
		{30F3EF80-5AE6-441C-BEB0-4A588A488C9E}.Release|Any CPU.ActiveCfg = Release|Any CPU
		{30F3EF80-5AE6-441C-BEB0-4A588A488C9E}.Release|Any CPU.Build.0 = Release|Any CPU
		{7339D958-EB05-4820-847F-BDAE6E046300}.Debug|Any CPU.ActiveCfg = Debug|Any CPU
		{7339D958-EB05-4820-847F-BDAE6E046300}.Debug|Any CPU.Build.0 = Debug|Any CPU
		{7339D958-EB05-4820-847F-BDAE6E046300}.Release|Any CPU.ActiveCfg = Release|Any CPU
		{7339D958-EB05-4820-847F-BDAE6E046300}.Release|Any CPU.Build.0 = Release|Any CPU
		{82C89760-583E-49BF-8686-BF8CD6BA8D85}.Debug|Any CPU.ActiveCfg = Debug|Any CPU
		{82C89760-583E-49BF-8686-BF8CD6BA8D85}.Debug|Any CPU.Build.0 = Debug|Any CPU
		{82C89760-583E-49BF-8686-BF8CD6BA8D85}.Release|Any CPU.ActiveCfg = Release|Any CPU
		{82C89760-583E-49BF-8686-BF8CD6BA8D85}.Release|Any CPU.Build.0 = Release|Any CPU
		{AF4C1436-DD9B-494D-A808-ED41F3D284DA}.Debug|Any CPU.ActiveCfg = Debug|Any CPU
		{AF4C1436-DD9B-494D-A808-ED41F3D284DA}.Debug|Any CPU.Build.0 = Debug|Any CPU
		{AF4C1436-DD9B-494D-A808-ED41F3D284DA}.Release|Any CPU.ActiveCfg = Release|Any CPU
		{AF4C1436-DD9B-494D-A808-ED41F3D284DA}.Release|Any CPU.Build.0 = Release|Any CPU
		{1CBC1FEF-181A-4A2E-9F92-BACA1B4FC8AA}.Debug|Any CPU.ActiveCfg = Debug|Any CPU
		{1CBC1FEF-181A-4A2E-9F92-BACA1B4FC8AA}.Debug|Any CPU.Build.0 = Debug|Any CPU
		{1CBC1FEF-181A-4A2E-9F92-BACA1B4FC8AA}.Release|Any CPU.ActiveCfg = Release|Any CPU
		{1CBC1FEF-181A-4A2E-9F92-BACA1B4FC8AA}.Release|Any CPU.Build.0 = Release|Any CPU
		{3E46374D-6EED-4BF0-9F32-64933B4BF3D7}.Debug|Any CPU.ActiveCfg = Debug|Any CPU
		{3E46374D-6EED-4BF0-9F32-64933B4BF3D7}.Debug|Any CPU.Build.0 = Debug|Any CPU
		{3E46374D-6EED-4BF0-9F32-64933B4BF3D7}.Release|Any CPU.ActiveCfg = Release|Any CPU
		{3E46374D-6EED-4BF0-9F32-64933B4BF3D7}.Release|Any CPU.Build.0 = Release|Any CPU
		{C8D6B670-D568-4F23-A304-E9CFE6008B1F}.Debug|Any CPU.ActiveCfg = Debug|Any CPU
		{C8D6B670-D568-4F23-A304-E9CFE6008B1F}.Debug|Any CPU.Build.0 = Debug|Any CPU
		{C8D6B670-D568-4F23-A304-E9CFE6008B1F}.Release|Any CPU.ActiveCfg = Release|Any CPU
		{C8D6B670-D568-4F23-A304-E9CFE6008B1F}.Release|Any CPU.Build.0 = Release|Any CPU
		{4F6276E3-8FD1-4445-BFA9-B555A8985A30}.Debug|Any CPU.ActiveCfg = Debug|Any CPU
		{4F6276E3-8FD1-4445-BFA9-B555A8985A30}.Debug|Any CPU.Build.0 = Debug|Any CPU
		{4F6276E3-8FD1-4445-BFA9-B555A8985A30}.Release|Any CPU.ActiveCfg = Release|Any CPU
		{4F6276E3-8FD1-4445-BFA9-B555A8985A30}.Release|Any CPU.Build.0 = Release|Any CPU
		{4A6B2E24-A3B7-45A2-8C32-76C04DA27094}.Debug|Any CPU.ActiveCfg = Debug|Any CPU
		{4A6B2E24-A3B7-45A2-8C32-76C04DA27094}.Debug|Any CPU.Build.0 = Debug|Any CPU
		{4A6B2E24-A3B7-45A2-8C32-76C04DA27094}.Release|Any CPU.ActiveCfg = Release|Any CPU
		{4A6B2E24-A3B7-45A2-8C32-76C04DA27094}.Release|Any CPU.Build.0 = Release|Any CPU
		{E166740B-044F-4D08-B7F8-FD3DB51C043E}.Debug|Any CPU.ActiveCfg = Debug|Any CPU
		{E166740B-044F-4D08-B7F8-FD3DB51C043E}.Debug|Any CPU.Build.0 = Debug|Any CPU
		{E166740B-044F-4D08-B7F8-FD3DB51C043E}.Release|Any CPU.ActiveCfg = Release|Any CPU
		{E166740B-044F-4D08-B7F8-FD3DB51C043E}.Release|Any CPU.Build.0 = Release|Any CPU
		{705B433F-49B7-49C4-A892-E005E56DFE1D}.Debug|Any CPU.ActiveCfg = Debug|Any CPU
		{705B433F-49B7-49C4-A892-E005E56DFE1D}.Debug|Any CPU.Build.0 = Debug|Any CPU
		{705B433F-49B7-49C4-A892-E005E56DFE1D}.Release|Any CPU.ActiveCfg = Release|Any CPU
		{705B433F-49B7-49C4-A892-E005E56DFE1D}.Release|Any CPU.Build.0 = Release|Any CPU
	EndGlobalSection
	GlobalSection(SolutionProperties) = preSolution
		HideSolutionNode = FALSE
	EndGlobalSection
	GlobalSection(ExtensibilityGlobals) = postSolution
		SolutionGuid = {008D2B38-63B4-4CC8-84DE-D4F45B48DDDA}
	EndGlobalSection
EndGlobal
